// !$*UTF8*$!
{
	archiveVersion = 1;
	classes = {
	};
	objectVersion = 46;
	objects = {

/* Begin PBXBuildFile section */
		378704381AFD0B5300F10F76 /* main.m in Sources */ = {isa = PBXBuildFile; fileRef = 378704371AFD0B5300F10F76 /* main.m */; };
		378704401AFD0B8200F10F76 /* Bjorklidean.m in Sources */ = {isa = PBXBuildFile; fileRef = 3787043F1AFD0B8200F10F76 /* Bjorklidean.m */; };
/* End PBXBuildFile section */

/* Begin PBXCopyFilesBuildPhase section */
		378704321AFD0B5300F10F76 /* CopyFiles */ = {
			isa = PBXCopyFilesBuildPhase;
			buildActionMask = 2147483647;
			dstPath = /usr/share/man/man1/;
			dstSubfolderSpec = 0;
			files = (
			);
			runOnlyForDeploymentPostprocessing = 1;
		};
/* End PBXCopyFilesBuildPhase section */

/* Begin PBXFileReference section */
		378704341AFD0B5300F10F76 /* Bjorclid */ = {isa = PBXFileReference; explicitFileType = "compiled.mach-o.executable"; includeInIndex = 0; path = Bjorclid; sourceTree = BUILT_PRODUCTS_DIR; };
		378704371AFD0B5300F10F76 /* main.m */ = {isa = PBXFileReference; lastKnownFileType = sourcecode.c.objc; path = main.m; sourceTree = "<group>"; };
		3787043E1AFD0B8200F10F76 /* Bjorklidean.h */ = {isa = PBXFileReference; fileEncoding = 4; lastKnownFileType = sourcecode.c.h; path = Bjorklidean.h; sourceTree = "<group>"; };
		3787043F1AFD0B8200F10F76 /* Bjorklidean.m */ = {isa = PBXFileReference; fileEncoding = 4; lastKnownFileType = sourcecode.c.objc; path = Bjorklidean.m; sourceTree = "<group>"; };
/* End PBXFileReference section */

/* Begin PBXFrameworksBuildPhase section */
		378704311AFD0B5300F10F76 /* Frameworks */ = {
			isa = PBXFrameworksBuildPhase;
			buildActionMask = 2147483647;
			files = (
			);
			runOnlyForDeploymentPostprocessing = 0;
		};
/* End PBXFrameworksBuildPhase section */

/* Begin PBXGroup section */
		3787042B1AFD0B5300F10F76 = {
			isa = PBXGroup;
			children = (
				378704361AFD0B5300F10F76 /* Bjorclid */,
				378704351AFD0B5300F10F76 /* Products */,
			);
			sourceTree = "<group>";
		};
		378704351AFD0B5300F10F76 /* Products */ = {
			isa = PBXGroup;
			children = (
				378704341AFD0B5300F10F76 /* Bjorclid */,
			);
			name = Products;
			sourceTree = "<group>";
		};
		378704361AFD0B5300F10F76 /* Bjorclid */ = {
			isa = PBXGroup;
			children = (
				378704371AFD0B5300F10F76 /* main.m */,
				3787043E1AFD0B8200F10F76 /* Bjorklidean.h */,
				3787043F1AFD0B8200F10F76 /* Bjorklidean.m */,
			);
			path = Bjorclid;
			sourceTree = "<group>";
		};
/* End PBXGroup section */

/* Begin PBXNativeTarget section */
		378704331AFD0B5300F10F76 /* Bjorclid */ = {
			isa = PBXNativeTarget;
			buildConfigurationList = 3787043B1AFD0B5300F10F76 /* Build configuration list for PBXNativeTarget "Bjorclid" */;
			buildPhases = (
				378704301AFD0B5300F10F76 /* Sources */,
				378704311AFD0B5300F10F76 /* Frameworks */,
				378704321AFD0B5300F10F76 /* CopyFiles */,
			);
			buildRules = (
			);
			dependencies = (
			);
			name = Bjorclid;
			productName = Bjorclid;
			productReference = 378704341AFD0B5300F10F76 /* Bjorclid */;
			productType = "com.apple.product-type.tool";
		};
/* End PBXNativeTarget section */

/* Begin PBXProject section */
		3787042C1AFD0B5300F10F76 /* Project object */ = {
			isa = PBXProject;
			attributes = {
				LastUpgradeCheck = 0620;
				ORGANIZATIONNAME = "Rithesh Kumar";
				TargetAttributes = {
					378704331AFD0B5300F10F76 = {
						CreatedOnToolsVersion = 6.2;
					};
				};
			};
			buildConfigurationList = 3787042F1AFD0B5300F10F76 /* Build configuration list for PBXProject "Bjorclid" */;
			compatibilityVersion = "Xcode 3.2";
			developmentRegion = English;
			hasScannedForEncodings = 0;
			knownRegions = (
				en,
			);
			mainGroup = 3787042B1AFD0B5300F10F76;
			productRefGroup = 378704351AFD0B5300F10F76 /* Products */;
			projectDirPath = "";
			projectRoot = "";
			targets = (
				378704331AFD0B5300F10F76 /* Bjorclid */,
			);
		};
/* End PBXProject section */

/* Begin PBXSourcesBuildPhase section */
		378704301AFD0B5300F10F76 /* Sources */ = {
			isa = PBXSourcesBuildPhase;
			buildActionMask = 2147483647;
			files = (
				378704381AFD0B5300F10F76 /* main.m in Sources */,
				378704401AFD0B8200F10F76 /* Bjorklidean.m in Sources */,
			);
			runOnlyForDeploymentPostprocessing = 0;
		};
/* End PBXSourcesBuildPhase section */

/* Begin XCBuildConfiguration section */
		378704391AFD0B5300F10F76 /* Debug */ = {
			isa = XCBuildConfiguration;
			buildSettings = {
				ALWAYS_SEARCH_USER_PATHS = NO;
				CLANG_CXX_LANGUAGE_STANDARD = "gnu++0x";
				CLANG_CXX_LIBRARY = "libc++";
				CLANG_ENABLE_MODULES = YES;
				CLANG_ENABLE_OBJC_ARC = YES;
				CLANG_WARN_BOOL_CONVERSION = YES;
				CLANG_WARN_CONSTANT_CONVERSION = YES;
				CLANG_WARN_DIRECT_OBJC_ISA_USAGE = YES_ERROR;
				CLANG_WARN_EMPTY_BODY = YES;
				CLANG_WARN_ENUM_CONVERSION = YES;
				CLANG_WARN_INT_CONVERSION = YES;
				CLANG_WARN_OBJC_ROOT_CLASS = YES_ERROR;
				CLANG_WARN_UNREACHABLE_CODE = YES;
				CLANG_WARN__DUPLICATE_METHOD_MATCH = YES;
				COPY_PHASE_STRIP = NO;
				ENABLE_STRICT_OBJC_MSGSEND = YES;
				GCC_C_LANGUAGE_STANDARD = gnu99;
				GCC_DYNAMIC_NO_PIC = NO;
				GCC_OPTIMIZATION_LEVEL = 0;
				GCC_PREPROCESSOR_DEFINITIONS = (
					"DEBUG=1",
					"$(inherited)",
				);
				GCC_SYMBOLS_PRIVATE_EXTERN = NO;
				GCC_WARN_64_TO_32_BIT_CONVERSION = YES;
				GCC_WARN_ABOUT_RETURN_TYPE = YES_ERROR;
				GCC_WARN_UNDECLARED_SELECTOR = YES;
				GCC_WARN_UNINITIALIZED_AUTOS = YES_AGGRESSIVE;
				GCC_WARN_UNUSED_FUNCTION = YES;
				GCC_WARN_UNUSED_VARIABLE = YES;
				MACOSX_DEPLOYMENT_TARGET = 10.9;
				MTL_ENABLE_DEBUG_INFO = YES;
				ONLY_ACTIVE_ARCH = YES;
				SDKROOT = macosx;
			};
			name = Debug;
		};
		3787043A1AFD0B5300F10F76 /* Release */ = {
			isa = XCBuildConfiguration;
			buildSettings = {
				ALWAYS_SEARCH_USER_PATHS = NO;
				CLANG_CXX_LANGUAGE_STANDARD = "gnu++0x";
				CLANG_CXX_LIBRARY = "libc++";
				CLANG_ENABLE_MODULES = YES;
				CLANG_ENABLE_OBJC_ARC = YES;
				CLANG_WARN_BOOL_CONVERSION = YES;
				CLANG_WARN_CONSTANT_CONVERSION = YES;
				CLANG_WARN_DIRECT_OBJC_ISA_USAGE = YES_ERROR;
				CLANG_WARN_EMPTY_BODY = YES;
				CLANG_WARN_ENUM_CONVERSION = YES;
				CLANG_WARN_INT_CONVERSION = YES;
				CLANG_WARN_OBJC_ROOT_CLASS = YES_ERROR;
				CLANG_WARN_UNREACHABLE_CODE = YES;
				CLANG_WARN__DUPLICATE_METHOD_MATCH = YES;
				COPY_PHASE_STRIP = NO;
				DEBUG_INFORMATION_FORMAT = "dwarf-with-dsym";
				ENABLE_NS_ASSERTIONS = NO;
				ENABLE_STRICT_OBJC_MSGSEND = YES;
				GCC_C_LANGUAGE_STANDARD = gnu99;
				GCC_WARN_64_TO_32_BIT_CONVERSION = YES;
				GCC_WARN_ABOUT_RETURN_TYPE = YES_ERROR;
				GCC_WARN_UNDECLARED_SELECTOR = YES;
				GCC_WARN_UNINITIALIZED_AUTOS = YES_AGGRESSIVE;
				GCC_WARN_UNUSED_FUNCTION = YES;
				GCC_WARN_UNUSED_VARIABLE = YES;
				MACOSX_DEPLOYMENT_TARGET = 10.9;
				MTL_ENABLE_DEBUG_INFO = NO;
				SDKROOT = macosx;
			};
			name = Release;
		};
		3787043C1AFD0B5300F10F76 /* Debug */ = {
			isa = XCBuildConfiguration;
			buildSettings = {
				PRODUCT_NAME = "$(TARGET_NAME)";
			};
			name = Debug;
		};
		3787043D1AFD0B5300F10F76 /* Release */ = {
			isa = XCBuildConfiguration;
			buildSettings = {
				PRODUCT_NAME = "$(TARGET_NAME)";
			};
			name = Release;
		};
/* End XCBuildConfiguration section */

/* Begin XCConfigurationList section */
		3787042F1AFD0B5300F10F76 /* Build configuration list for PBXProject "Bjorclid" */ = {
			isa = XCConfigurationList;
			buildConfigurations = (
				378704391AFD0B5300F10F76 /* Debug */,
				3787043A1AFD0B5300F10F76 /* Release */,
			);
			defaultConfigurationIsVisible = 0;
			defaultConfigurationName = Release;
		};
		3787043B1AFD0B5300F10F76 /* Build configuration list for PBXNativeTarget "Bjorclid" */ = {
			isa = XCConfigurationList;
			buildConfigurations = (
				3787043C1AFD0B5300F10F76 /* Debug */,
				3787043D1AFD0B5300F10F76 /* Release */,
			);
			defaultConfigurationIsVisible = 0;
		};
/* End XCConfigurationList section */
	};
	rootObject = 3787042C1AFD0B5300F10F76 /* Project object */;
}
